<?xml version="1.0" encoding="utf-8"?>
<Project ToolsVersion="4.0" xmlns="http://schemas.microsoft.com/developer/msbuild/2003">
  <ItemGroup>
    <Filter Include="Source Files">
      <UniqueIdentifier>{54b93f38-ab5f-43ed-bf8a-855c311ab5e7}</UniqueIdentifier>
    </Filter>
    <Filter Include="Header Files">
      <UniqueIdentifier>{4832cc92-27b5-40c3-ad12-9a51fb69f7a4}</UniqueIdentifier>
    </Filter>
  </ItemGroup>
  <ItemGroup>
    <ClCompile Include="..\..\SampleCommonCode\src\win\MediaPath_WIN.cpp">
      <Filter>Source Files</Filter>
    </ClCompile>
    <ClCompile Include="..\..\SampleCommonCode\src\win\Timing_WIN.cpp">
      <Filter>Source Files</Filter>
    </ClCompile>
    <ClCompile Include="..\..\SampleCommonCode\src\GLFontRenderer.cpp">
      <Filter>Source Files</Filter>
    </ClCompile>
    <ClCompile Include="..\..\SampleCommonCode\src\DebugRenderer.cpp">
      <Filter>Source Files</Filter>
    </ClCompile>
    <ClCompile Include="..\..\SampleCommonCode\src\PerfRenderer.cpp">
      <Filter>Source Files</Filter>
    </ClCompile>
    <ClCompile Include="..\..\SampleCommonCode\src\UserAllocator.cpp">
      <Filter>Source Files</Filter>
    </ClCompile>
    <ClCompile Include="..\..\SampleCommonCode\src\DrawObjects.cpp">
      <Filter>Source Files</Filter>
    </ClCompile>
    <ClCompile Include="..\..\SampleCommonCode\src\Stream.cpp">
      <Filter>Source Files</Filter>
    </ClCompile>
    <ClCompile Include="..\..\SampleCommonCode\src\cooking.cpp">
      <Filter>Source Files</Filter>
    </ClCompile>
    <ClCompile Include="..\..\SampleRaycastCar\src\Car.cpp">
      <Filter>Source Files</Filter>
    </ClCompile>
    <ClCompile Include="..\..\SampleRaycastCar\src\carTerrain.cpp">
      <Filter>Source Files</Filter>
    </ClCompile>
    <ClCompile Include="..\..\SampleRaycastCar\src\NxAllVehicles.cpp">
      <Filter>Source Files</Filter>
    </ClCompile>
    <ClCompile Include="..\..\SampleRaycastCar\src\NxVehicle.cpp">
      <Filter>Source Files</Filter>
    </ClCompile>
    <ClCompile Include="..\..\SampleRaycastCar\src\NxWheel.cpp">
      <Filter>Source Files</Filter>
    </ClCompile>
    <ClCompile Include="..\..\SampleRaycastCar\src\OrthographicDrawing.cpp">
      <Filter>Source Files</Filter>
    </ClCompile>
    <ClCompile Include="..\..\SampleRaycastCar\src\SampleRaycastCar.cpp">
      <Filter>Source Files</Filter>
    </ClCompile>
  </ItemGroup>
  <ItemGroup>
    <ClInclude Include="..\..\SampleCommonCode\src\win\SampleMutex_WIN.h">
      <Filter>Header Files</Filter>
    </ClInclude>
    <ClInclude Include="..\..\SampleRaycastCar\src\NxAllVehicles.h">
      <Filter>Header Files</Filter>
    </ClInclude>
    <ClInclude Include="..\..\SampleRaycastCar\src\NxLinearInterpolate3Values.h">
      <Filter>Header Files</Filter>
    </ClInclude>
    <ClInclude Include="..\..\SampleRaycastCar\src\NxLinearInterpolationValues.h">
      <Filter>Header Files</Filter>
    </ClInclude>
    <ClInclude Include="..\..\SampleRaycastCar\src\NxVehicle.h">
      <Filter>Header Files</Filter>
    </ClInclude>
    <ClInclude Include="..\..\SampleRaycastCar\src\NxVehicleDesc.h">
      <Filter>Header Files</Filter>
    </ClInclude>
    <ClInclude Include="..\..\SampleRaycastCar\src\NxVehicleGearDesc.h">
      <Filter>Header Files</Filter>
    </ClInclude>
    <ClInclude Include="..\..\SampleRaycastCar\src\NxVehicleGears.h">
      <Filter>Header Files</Filter>
    </ClInclude>
    <ClInclude Include="..\..\SampleRaycastCar\src\NxVehicleMotor.h">
      <Filter>Header Files</Filter>
    </ClInclude>
    <ClInclude Include="..\..\SampleRaycastCar\src\NxVehicleMotorDesc.h">
      <Filter>Header Files</Filter>
    </ClInclude>
    <ClInclude Include="..\..\SampleRaycastCar\src\NxWheel.h">
      <Filter>Header Files</Filter>
    </ClInclude>
    <ClInclude Include="..\..\SampleRaycastCar\src\NxWheelDesc.h">
      <Filter>Header Files</Filter>
    </ClInclude>
    <ClInclude Include="..\..\SampleRaycastCar\src\OrthographicDrawing.h">
      <Filter>Header Files</Filter>
    </ClInclude>
    <ClInclude Include="..\..\SampleRaycastCar\src\SampleRaycastCar.h">
      <Filter>Header Files</Filter>
    </ClInclude>
  </ItemGroup>
</Project>